
Microsoft Visual Studio Solution File, Format Version 12.00
# Visual Studio Version 17
VisualStudioVersion = 17.5.33424.131
MinimumVisualStudioVersion = 10.0.40219.1
Project("{9A19103F-16F7-4668-BE54-9A1E7A4F7556}") = "SignalR", "SignalR.csproj", "{55BCC788-591B-4956-B81B-537D660F0A67}"
EndProject
Global
	GlobalSection(SolutionConfigurationPlatforms) = preSolution
		Debug|Any CPU = Debug|Any CPU
		Release|Any CPU = Release|Any CPU
	EndGlobalSection
	GlobalSection(ProjectConfigurationPlatforms) = postSolution
		{55BCC788-591B-4956-B81B-537D660F0A67}.Debug|Any CPU.ActiveCfg = Debug|Any CPU
		{55BCC788-591B-4956-B81B-537D660F0A67}.Debug|Any CPU.Build.0 = Debug|Any CPU
		{55BCC788-591B-4956-B81B-537D660F0A67}.Release|Any CPU.ActiveCfg = Release|Any CPU
		{55BCC788-591B-4956-B81B-537D660F0A67}.Release|Any CPU.Build.0 = Release|Any CPU
	EndGlobalSection
	GlobalSection(SolutionProperties) = preSolution
		HideSolutionNode = FALSE
	EndGlobalSection
	GlobalSection(ExtensibilityGlobals) = postSolution
		SolutionGuid = {F83E8B40-2CFC-4DF8-B3DB-D80279B1969C}
	EndGlobalSection
EndGlobal
